
Microsoft Visual Studio Solution File, Format Version 12.00
# Visual Studio Version 17
VisualStudioVersion = 17.7.34024.191
MinimumVisualStudioVersion = 10.0.40219.1
Project("{FAE04EC0-301F-11D3-BF4B-00C04F79EFBC}") = "Practica1_E5", "Practica1_E5.csproj", "{88F79DE8-BD4C-4194-B86A-209649C63FF9}"
EndProject
Global
	GlobalSection(SolutionConfigurationPlatforms) = preSolution
		Debug|Any CPU = Debug|Any CPU
		Release|Any CPU = Release|Any CPU
	EndGlobalSection
	GlobalSection(ProjectConfigurationPlatforms) = postSolution
		{88F79DE8-BD4C-4194-B86A-209649C63FF9}.Debug|Any CPU.ActiveCfg = Debug|Any CPU
		{88F79DE8-BD4C-4194-B86A-209649C63FF9}.Debug|Any CPU.Build.0 = Debug|Any CPU
		{88F79DE8-BD4C-4194-B86A-209649C63FF9}.Release|Any CPU.ActiveCfg = Release|Any CPU
		{88F79DE8-BD4C-4194-B86A-209649C63FF9}.Release|Any CPU.Build.0 = Release|Any CPU
	EndGlobalSection
	GlobalSection(SolutionProperties) = preSolution
		HideSolutionNode = FALSE
	EndGlobalSection
	GlobalSection(ExtensibilityGlobals) = postSolution
		SolutionGuid = {5AD5FDE0-A965-4B98-921D-37485C42150D}
	EndGlobalSection
EndGlobal
