
Microsoft Visual Studio Solution File, Format Version 12.00
# Visual Studio Version 17
VisualStudioVersion = 17.7.34024.191
MinimumVisualStudioVersion = 10.0.40219.1
Project("{FAE04EC0-301F-11D3-BF4B-00C04F79EFBC}") = "Sistema de gestión de productos", "Sistema de gestión de productos.csproj", "{4D14E7F8-8DED-4E9F-8739-A36929D4DB4C}"
EndProject
Global
	GlobalSection(SolutionConfigurationPlatforms) = preSolution
		Debug|Any CPU = Debug|Any CPU
		Release|Any CPU = Release|Any CPU
	EndGlobalSection
	GlobalSection(ProjectConfigurationPlatforms) = postSolution
		{4D14E7F8-8DED-4E9F-8739-A36929D4DB4C}.Debug|Any CPU.ActiveCfg = Debug|Any CPU
		{4D14E7F8-8DED-4E9F-8739-A36929D4DB4C}.Debug|Any CPU.Build.0 = Debug|Any CPU
		{4D14E7F8-8DED-4E9F-8739-A36929D4DB4C}.Release|Any CPU.ActiveCfg = Release|Any CPU
		{4D14E7F8-8DED-4E9F-8739-A36929D4DB4C}.Release|Any CPU.Build.0 = Release|Any CPU
	EndGlobalSection
	GlobalSection(SolutionProperties) = preSolution
		HideSolutionNode = FALSE
	EndGlobalSection
	GlobalSection(ExtensibilityGlobals) = postSolution
		SolutionGuid = {DA24040B-E5AC-40CB-882C-C39316C9A52E}
	EndGlobalSection
EndGlobal
