
Microsoft Visual Studio Solution File, Format Version 12.00
# Visual Studio Version 17
VisualStudioVersion = 17.7.34024.191
MinimumVisualStudioVersion = 10.0.40219.1
Project("{FAE04EC0-301F-11D3-BF4B-00C04F79EFBC}") = "Practica1_E2", "Practica1_E2.csproj", "{720B889F-1143-4451-A83C-2CF17DA85338}"
EndProject
Global
	GlobalSection(SolutionConfigurationPlatforms) = preSolution
		Debug|Any CPU = Debug|Any CPU
		Release|Any CPU = Release|Any CPU
	EndGlobalSection
	GlobalSection(ProjectConfigurationPlatforms) = postSolution
		{720B889F-1143-4451-A83C-2CF17DA85338}.Debug|Any CPU.ActiveCfg = Debug|Any CPU
		{720B889F-1143-4451-A83C-2CF17DA85338}.Debug|Any CPU.Build.0 = Debug|Any CPU
		{720B889F-1143-4451-A83C-2CF17DA85338}.Release|Any CPU.ActiveCfg = Release|Any CPU
		{720B889F-1143-4451-A83C-2CF17DA85338}.Release|Any CPU.Build.0 = Release|Any CPU
	EndGlobalSection
	GlobalSection(SolutionProperties) = preSolution
		HideSolutionNode = FALSE
	EndGlobalSection
	GlobalSection(ExtensibilityGlobals) = postSolution
		SolutionGuid = {03120E5C-5488-44AF-99FE-BA94C52A4D83}
	EndGlobalSection
EndGlobal
