
Microsoft Visual Studio Solution File, Format Version 12.00
# Visual Studio Version 17
VisualStudioVersion = 17.7.34024.191
MinimumVisualStudioVersion = 10.0.40219.1
Project("{FAE04EC0-301F-11D3-BF4B-00C04F79EFBC}") = "TP1Televisor", "TP1Televisor.csproj", "{349EB247-539D-40BA-BDDB-B46261E6E60F}"
EndProject
Global
	GlobalSection(SolutionConfigurationPlatforms) = preSolution
		Debug|Any CPU = Debug|Any CPU
		Release|Any CPU = Release|Any CPU
	EndGlobalSection
	GlobalSection(ProjectConfigurationPlatforms) = postSolution
		{349EB247-539D-40BA-BDDB-B46261E6E60F}.Debug|Any CPU.ActiveCfg = Debug|Any CPU
		{349EB247-539D-40BA-BDDB-B46261E6E60F}.Debug|Any CPU.Build.0 = Debug|Any CPU
		{349EB247-539D-40BA-BDDB-B46261E6E60F}.Release|Any CPU.ActiveCfg = Release|Any CPU
		{349EB247-539D-40BA-BDDB-B46261E6E60F}.Release|Any CPU.Build.0 = Release|Any CPU
	EndGlobalSection
	GlobalSection(SolutionProperties) = preSolution
		HideSolutionNode = FALSE
	EndGlobalSection
	GlobalSection(ExtensibilityGlobals) = postSolution
		SolutionGuid = {B84F8CB5-CFFA-4575-A8CF-36DD1CDA85D8}
	EndGlobalSection
EndGlobal
